
Microsoft Visual Studio Solution File, Format Version 12.00
# Visual Studio Version 16
VisualStudioVersion = 16.0.31515.178
MinimumVisualStudioVersion = 10.0.40219.1
Project("{FAE04EC0-301F-11D3-BF4B-00C04F79EFBC}") = "KuCoinApiClient", "KuCoinApiClient\KuCoinApiClient.csproj", "{0D0DFF71-5E53-4931-96A6-F704308F0686}"
EndProject
Global
	GlobalSection(SolutionConfigurationPlatforms) = preSolution
		Debug|Any CPU = Debug|Any CPU
		Release|Any CPU = Release|Any CPU
	EndGlobalSection
	GlobalSection(ProjectConfigurationPlatforms) = postSolution
		{0D0DFF71-5E53-4931-96A6-F704308F0686}.Debug|Any CPU.ActiveCfg = Debug|Any CPU
		{0D0DFF71-5E53-4931-96A6-F704308F0686}.Debug|Any CPU.Build.0 = Debug|Any CPU
		{0D0DFF71-5E53-4931-96A6-F704308F0686}.Release|Any CPU.ActiveCfg = Release|Any CPU
		{0D0DFF71-5E53-4931-96A6-F704308F0686}.Release|Any CPU.Build.0 = Release|Any CPU
	EndGlobalSection
	GlobalSection(SolutionProperties) = preSolution
		HideSolutionNode = FALSE
	EndGlobalSection
	GlobalSection(ExtensibilityGlobals) = postSolution
		SolutionGuid = {80D8AA75-3084-4C77-9D52-3A493F4219E7}
	EndGlobalSection
EndGlobal
